
Microsoft Visual Studio Solution File, Format Version 12.00
# Visual Studio 15
VisualStudioVersion = 15.0.28307.572
MinimumVisualStudioVersion = 10.0.40219.1
Project("{FAE04EC0-301F-11D3-BF4B-00C04F79EFBC}") = "Classwork20200521_MediaPlayer", "Classwork20200521_MediaPlayer.csproj", "{237991E6-625D-4AAD-BC35-AC63C3BD06FA}"
EndProject
Global
	GlobalSection(SolutionConfigurationPlatforms) = preSolution
		Debug|Any CPU = Debug|Any CPU
		Release|Any CPU = Release|Any CPU
	EndGlobalSection
	GlobalSection(ProjectConfigurationPlatforms) = postSolution
		{237991E6-625D-4AAD-BC35-AC63C3BD06FA}.Debug|Any CPU.ActiveCfg = Debug|Any CPU
		{237991E6-625D-4AAD-BC35-AC63C3BD06FA}.Debug|Any CPU.Build.0 = Debug|Any CPU
		{237991E6-625D-4AAD-BC35-AC63C3BD06FA}.Release|Any CPU.ActiveCfg = Release|Any CPU
		{237991E6-625D-4AAD-BC35-AC63C3BD06FA}.Release|Any CPU.Build.0 = Release|Any CPU
	EndGlobalSection
	GlobalSection(SolutionProperties) = preSolution
		HideSolutionNode = FALSE
	EndGlobalSection
	GlobalSection(ExtensibilityGlobals) = postSolution
		SolutionGuid = {CE907420-1D76-48F5-8BD4-0B44E979A8F4}
	EndGlobalSection
EndGlobal
