
Microsoft Visual Studio Solution File, Format Version 12.00
# Visual Studio 15
VisualStudioVersion = 15.0.28307.572
MinimumVisualStudioVersion = 10.0.40219.1
Project("{FAE04EC0-301F-11D3-BF4B-00C04F79EFBC}") = "Classwork20200610_Step_Registration", "Classwork20200610_Step_Registration.csproj", "{88E79C1F-AA2D-4826-9E41-7A8C718E8936}"
EndProject
Global
	GlobalSection(SolutionConfigurationPlatforms) = preSolution
		Debug|Any CPU = Debug|Any CPU
		Release|Any CPU = Release|Any CPU
	EndGlobalSection
	GlobalSection(ProjectConfigurationPlatforms) = postSolution
		{88E79C1F-AA2D-4826-9E41-7A8C718E8936}.Debug|Any CPU.ActiveCfg = Debug|Any CPU
		{88E79C1F-AA2D-4826-9E41-7A8C718E8936}.Debug|Any CPU.Build.0 = Debug|Any CPU
		{88E79C1F-AA2D-4826-9E41-7A8C718E8936}.Release|Any CPU.ActiveCfg = Release|Any CPU
		{88E79C1F-AA2D-4826-9E41-7A8C718E8936}.Release|Any CPU.Build.0 = Release|Any CPU
	EndGlobalSection
	GlobalSection(SolutionProperties) = preSolution
		HideSolutionNode = FALSE
	EndGlobalSection
	GlobalSection(ExtensibilityGlobals) = postSolution
		SolutionGuid = {D0796735-D4F1-4B3A-BAD1-AD2EEB9EF529}
	EndGlobalSection
EndGlobal
