
Microsoft Visual Studio Solution File, Format Version 12.00
# Visual Studio 15
VisualStudioVersion = 15.0.28307.572
MinimumVisualStudioVersion = 10.0.40219.1
Project("{FAE04EC0-301F-11D3-BF4B-00C04F79EFBC}") = "Classwork20200519_Paint", "Classwork20200519_Paint.csproj", "{609B3878-0085-4BC7-8561-9DFA9DD0DAA4}"
EndProject
Global
	GlobalSection(SolutionConfigurationPlatforms) = preSolution
		Debug|Any CPU = Debug|Any CPU
		Release|Any CPU = Release|Any CPU
	EndGlobalSection
	GlobalSection(ProjectConfigurationPlatforms) = postSolution
		{609B3878-0085-4BC7-8561-9DFA9DD0DAA4}.Debug|Any CPU.ActiveCfg = Debug|Any CPU
		{609B3878-0085-4BC7-8561-9DFA9DD0DAA4}.Debug|Any CPU.Build.0 = Debug|Any CPU
		{609B3878-0085-4BC7-8561-9DFA9DD0DAA4}.Release|Any CPU.ActiveCfg = Release|Any CPU
		{609B3878-0085-4BC7-8561-9DFA9DD0DAA4}.Release|Any CPU.Build.0 = Release|Any CPU
	EndGlobalSection
	GlobalSection(SolutionProperties) = preSolution
		HideSolutionNode = FALSE
	EndGlobalSection
	GlobalSection(ExtensibilityGlobals) = postSolution
		SolutionGuid = {3742D64B-99F8-4FE6-9614-32A8270150BF}
	EndGlobalSection
EndGlobal
